
Microsoft Visual Studio Solution File, Format Version 12.00
# Visual Studio Version 17
VisualStudioVersion = 17.1.32319.34
MinimumVisualStudioVersion = 10.0.40219.1
Project("{9A19103F-16F7-4668-BE54-9A1E7A4F7556}") = "MovieDot.API", "MovieDot.API\MovieDot.API.csproj", "{A1C8A67A-A634-4B43-AB1F-30703F341913}"
EndProject
Project("{9A19103F-16F7-4668-BE54-9A1E7A4F7556}") = "MovieDot.Core", "MovieDot.Core\MovieDot.Core.csproj", "{B62547FF-7489-44A6-AB87-E4C2E42E8AD0}"
EndProject
Project("{9A19103F-16F7-4668-BE54-9A1E7A4F7556}") = "MovieDot.Repository", "MovieDot.Repository\MovieDot.Repository.csproj", "{49C8D899-ACF4-438E-91DF-9ACD17518093}"
EndProject
Project("{9A19103F-16F7-4668-BE54-9A1E7A4F7556}") = "MovieDot.Service", "MovieDot.Service\MovieDot.Service.csproj", "{03DC8DE6-63C1-4735-9AC7-09DDF4C17AEF}"
EndProject
Project("{9A19103F-16F7-4668-BE54-9A1E7A4F7556}") = "MovieDot.Shared", "MovieDot.Shared\MovieDot.Shared.csproj", "{7235A394-C6A6-43FE-BADE-D84E1FCD3A75}"
EndProject
Project("{2150E333-8FDC-42A3-9474-1A3956D46DE8}") = "Solution Items", "Solution Items", "{907CB752-196C-4345-AD69-E519EDD4285A}"
	ProjectSection(SolutionItems) = preProject
		Ports.txt = Ports.txt
	EndProjectSection
EndProject
Global
	GlobalSection(SolutionConfigurationPlatforms) = preSolution
		Debug|Any CPU = Debug|Any CPU
		Release|Any CPU = Release|Any CPU
	EndGlobalSection
	GlobalSection(ProjectConfigurationPlatforms) = postSolution
		{A1C8A67A-A634-4B43-AB1F-30703F341913}.Debug|Any CPU.ActiveCfg = Debug|Any CPU
		{A1C8A67A-A634-4B43-AB1F-30703F341913}.Debug|Any CPU.Build.0 = Debug|Any CPU
		{A1C8A67A-A634-4B43-AB1F-30703F341913}.Release|Any CPU.ActiveCfg = Release|Any CPU
		{A1C8A67A-A634-4B43-AB1F-30703F341913}.Release|Any CPU.Build.0 = Release|Any CPU
		{B62547FF-7489-44A6-AB87-E4C2E42E8AD0}.Debug|Any CPU.ActiveCfg = Debug|Any CPU
		{B62547FF-7489-44A6-AB87-E4C2E42E8AD0}.Debug|Any CPU.Build.0 = Debug|Any CPU
		{B62547FF-7489-44A6-AB87-E4C2E42E8AD0}.Release|Any CPU.ActiveCfg = Release|Any CPU
		{B62547FF-7489-44A6-AB87-E4C2E42E8AD0}.Release|Any CPU.Build.0 = Release|Any CPU
		{49C8D899-ACF4-438E-91DF-9ACD17518093}.Debug|Any CPU.ActiveCfg = Debug|Any CPU
		{49C8D899-ACF4-438E-91DF-9ACD17518093}.Debug|Any CPU.Build.0 = Debug|Any CPU
		{49C8D899-ACF4-438E-91DF-9ACD17518093}.Release|Any CPU.ActiveCfg = Release|Any CPU
		{49C8D899-ACF4-438E-91DF-9ACD17518093}.Release|Any CPU.Build.0 = Release|Any CPU
		{03DC8DE6-63C1-4735-9AC7-09DDF4C17AEF}.Debug|Any CPU.ActiveCfg = Debug|Any CPU
		{03DC8DE6-63C1-4735-9AC7-09DDF4C17AEF}.Debug|Any CPU.Build.0 = Debug|Any CPU
		{03DC8DE6-63C1-4735-9AC7-09DDF4C17AEF}.Release|Any CPU.ActiveCfg = Release|Any CPU
		{03DC8DE6-63C1-4735-9AC7-09DDF4C17AEF}.Release|Any CPU.Build.0 = Release|Any CPU
		{7235A394-C6A6-43FE-BADE-D84E1FCD3A75}.Debug|Any CPU.ActiveCfg = Debug|Any CPU
		{7235A394-C6A6-43FE-BADE-D84E1FCD3A75}.Debug|Any CPU.Build.0 = Debug|Any CPU
		{7235A394-C6A6-43FE-BADE-D84E1FCD3A75}.Release|Any CPU.ActiveCfg = Release|Any CPU
		{7235A394-C6A6-43FE-BADE-D84E1FCD3A75}.Release|Any CPU.Build.0 = Release|Any CPU
	EndGlobalSection
	GlobalSection(SolutionProperties) = preSolution
		HideSolutionNode = FALSE
	EndGlobalSection
	GlobalSection(ExtensibilityGlobals) = postSolution
		SolutionGuid = {AD7EC4B7-0769-4F22-96C6-E18EA42506B4}
	EndGlobalSection
EndGlobal
